
Microsoft Visual Studio Solution File, Format Version 12.00
# Visual Studio Version 17
VisualStudioVersion = 17.5.33516.290
MinimumVisualStudioVersion = 10.0.40219.1
Project("{2150E333-8FDC-42A3-9474-1A3956D46DE8}") = "3 - Domain", "3 - Domain", "{5DED91B5-BEC6-4BE0-86DC-73525F956CF8}"
EndProject
Project("{9A19103F-16F7-4668-BE54-9A1E7A4F7556}") = "LattesDataExtraction.Domain", "LattesDataExtraction.Domain\LattesDataExtraction.Domain.csproj", "{99DF522B-5E38-4440-B419-F5FB01E3AF17}"
EndProject
Project("{FAE04EC0-301F-11D3-BF4B-00C04F79EFBC}") = "LattesDataExtraction.Domain.Tests", "LattesDataExtraction.Domain.Tests\LattesDataExtraction.Domain.Tests.csproj", "{460666F5-A27F-4427-A954-E01FD2C81375}"
EndProject
Global
	GlobalSection(SolutionConfigurationPlatforms) = preSolution
		Debug|Any CPU = Debug|Any CPU
		Release|Any CPU = Release|Any CPU
	EndGlobalSection
	GlobalSection(ProjectConfigurationPlatforms) = postSolution
		{99DF522B-5E38-4440-B419-F5FB01E3AF17}.Debug|Any CPU.ActiveCfg = Debug|Any CPU
		{99DF522B-5E38-4440-B419-F5FB01E3AF17}.Debug|Any CPU.Build.0 = Debug|Any CPU
		{99DF522B-5E38-4440-B419-F5FB01E3AF17}.Release|Any CPU.ActiveCfg = Release|Any CPU
		{99DF522B-5E38-4440-B419-F5FB01E3AF17}.Release|Any CPU.Build.0 = Release|Any CPU
		{460666F5-A27F-4427-A954-E01FD2C81375}.Debug|Any CPU.ActiveCfg = Debug|Any CPU
		{460666F5-A27F-4427-A954-E01FD2C81375}.Debug|Any CPU.Build.0 = Debug|Any CPU
		{460666F5-A27F-4427-A954-E01FD2C81375}.Release|Any CPU.ActiveCfg = Release|Any CPU
		{460666F5-A27F-4427-A954-E01FD2C81375}.Release|Any CPU.Build.0 = Release|Any CPU
	EndGlobalSection
	GlobalSection(SolutionProperties) = preSolution
		HideSolutionNode = FALSE
	EndGlobalSection
	GlobalSection(NestedProjects) = preSolution
		{99DF522B-5E38-4440-B419-F5FB01E3AF17} = {5DED91B5-BEC6-4BE0-86DC-73525F956CF8}
		{460666F5-A27F-4427-A954-E01FD2C81375} = {5DED91B5-BEC6-4BE0-86DC-73525F956CF8}
	EndGlobalSection
	GlobalSection(ExtensibilityGlobals) = postSolution
		SolutionGuid = {AD6D6D5E-4062-441F-AB0E-E10B9ABFB57F}
	EndGlobalSection
EndGlobal
