
Microsoft Visual Studio Solution File, Format Version 12.00
# Visual Studio Version 17
VisualStudioVersion = 17.5.33516.290
MinimumVisualStudioVersion = 10.0.40219.1
Project("{2150E333-8FDC-42A3-9474-1A3956D46DE8}") = "3 - Domain", "3 - Domain", "{5DED91B5-BEC6-4BE0-86DC-73525F956CF8}"
EndProject
Project("{9A19103F-16F7-4668-BE54-9A1E7A4F7556}") = "LattesDataExtraction.Domain", "LattesDataExtraction.Domain\LattesDataExtraction.Domain.csproj", "{99DF522B-5E38-4440-B419-F5FB01E3AF17}"
EndProject
Project("{9A19103F-16F7-4668-BE54-9A1E7A4F7556}") = "LattesDataExtraction.Domain.Tests", "LattesDataExtraction.Domain.Tests\LattesDataExtraction.Domain.Tests.csproj", "{460666F5-A27F-4427-A954-E01FD2C81375}"
EndProject
Project("{2150E333-8FDC-42A3-9474-1A3956D46DE8}") = "2 - Application", "2 - Application", "{268339D0-FD8D-456B-85A9-4C040FE4F43C}"
EndProject
Project("{FAE04EC0-301F-11D3-BF4B-00C04F79EFBC}") = "LattesDataExtraction.Application.Tests", "LattesDataExtraction.Application.Tests\LattesDataExtraction.Application.Tests.csproj", "{9FD18558-DB7E-4E45-8FB7-255CCCD3D2FE}"
EndProject
Project("{FAE04EC0-301F-11D3-BF4B-00C04F79EFBC}") = "LattesDataExtraction.Application", "LattesDataExtraction.Application\LattesDataExtraction.Application.csproj", "{6226169F-0FB5-4643-9211-E62B6A0879B2}"
EndProject
Project("{2150E333-8FDC-42A3-9474-1A3956D46DE8}") = "4 - Infraestructure", "4 - Infraestructure", "{C588477D-FAAC-4A7D-8E41-DD74E5517168}"
EndProject
Project("{FAE04EC0-301F-11D3-BF4B-00C04F79EFBC}") = "LattesDataExtraction.Infraestructure", "LattesDataExtraction.Infraestructure\LattesDataExtraction.Infraestructure.csproj", "{880F9FE3-B890-47B6-A4C3-8141E482B195}"
EndProject
Project("{2150E333-8FDC-42A3-9474-1A3956D46DE8}") = "1 - Presentation", "1 - Presentation", "{A6A1EC8B-491B-4404-A223-32BF7A8F10C2}"
EndProject
Project("{FAE04EC0-301F-11D3-BF4B-00C04F79EFBC}") = "LattesDataExtraction.API.EntryPoint", "LattesDataExtraction.API.EntryPoint\LattesDataExtraction.API.EntryPoint.csproj", "{1AB0661D-1735-4222-B03C-99E2C2A429BA}"
EndProject
Project("{FAE04EC0-301F-11D3-BF4B-00C04F79EFBC}") = "LattesDataExtraction.API", "LattesDataExtraction.API\LattesDataExtraction.API.csproj", "{E170535B-8D5B-4EC1-9389-64FC39135855}"
EndProject
Project("{FAE04EC0-301F-11D3-BF4B-00C04F79EFBC}") = "LattesDataExtraction.API.Tests", "LattesDataExtraction.API.Tests\LattesDataExtraction.API.Tests.csproj", "{ECE51766-8363-49D0-9677-3935439326AB}"
EndProject
Global
	GlobalSection(SolutionConfigurationPlatforms) = preSolution
		Debug|Any CPU = Debug|Any CPU
		Release|Any CPU = Release|Any CPU
	EndGlobalSection
	GlobalSection(ProjectConfigurationPlatforms) = postSolution
		{99DF522B-5E38-4440-B419-F5FB01E3AF17}.Debug|Any CPU.ActiveCfg = Debug|Any CPU
		{99DF522B-5E38-4440-B419-F5FB01E3AF17}.Debug|Any CPU.Build.0 = Debug|Any CPU
		{99DF522B-5E38-4440-B419-F5FB01E3AF17}.Release|Any CPU.ActiveCfg = Release|Any CPU
		{99DF522B-5E38-4440-B419-F5FB01E3AF17}.Release|Any CPU.Build.0 = Release|Any CPU
		{460666F5-A27F-4427-A954-E01FD2C81375}.Debug|Any CPU.ActiveCfg = Debug|Any CPU
		{460666F5-A27F-4427-A954-E01FD2C81375}.Debug|Any CPU.Build.0 = Debug|Any CPU
		{460666F5-A27F-4427-A954-E01FD2C81375}.Release|Any CPU.ActiveCfg = Release|Any CPU
		{460666F5-A27F-4427-A954-E01FD2C81375}.Release|Any CPU.Build.0 = Release|Any CPU
		{9FD18558-DB7E-4E45-8FB7-255CCCD3D2FE}.Debug|Any CPU.ActiveCfg = Debug|Any CPU
		{9FD18558-DB7E-4E45-8FB7-255CCCD3D2FE}.Debug|Any CPU.Build.0 = Debug|Any CPU
		{9FD18558-DB7E-4E45-8FB7-255CCCD3D2FE}.Release|Any CPU.ActiveCfg = Release|Any CPU
		{9FD18558-DB7E-4E45-8FB7-255CCCD3D2FE}.Release|Any CPU.Build.0 = Release|Any CPU
		{6226169F-0FB5-4643-9211-E62B6A0879B2}.Debug|Any CPU.ActiveCfg = Debug|Any CPU
		{6226169F-0FB5-4643-9211-E62B6A0879B2}.Debug|Any CPU.Build.0 = Debug|Any CPU
		{6226169F-0FB5-4643-9211-E62B6A0879B2}.Release|Any CPU.ActiveCfg = Release|Any CPU
		{6226169F-0FB5-4643-9211-E62B6A0879B2}.Release|Any CPU.Build.0 = Release|Any CPU
		{880F9FE3-B890-47B6-A4C3-8141E482B195}.Debug|Any CPU.ActiveCfg = Debug|Any CPU
		{880F9FE3-B890-47B6-A4C3-8141E482B195}.Debug|Any CPU.Build.0 = Debug|Any CPU
		{880F9FE3-B890-47B6-A4C3-8141E482B195}.Release|Any CPU.ActiveCfg = Release|Any CPU
		{880F9FE3-B890-47B6-A4C3-8141E482B195}.Release|Any CPU.Build.0 = Release|Any CPU
		{1AB0661D-1735-4222-B03C-99E2C2A429BA}.Debug|Any CPU.ActiveCfg = Debug|Any CPU
		{1AB0661D-1735-4222-B03C-99E2C2A429BA}.Debug|Any CPU.Build.0 = Debug|Any CPU
		{1AB0661D-1735-4222-B03C-99E2C2A429BA}.Release|Any CPU.ActiveCfg = Release|Any CPU
		{1AB0661D-1735-4222-B03C-99E2C2A429BA}.Release|Any CPU.Build.0 = Release|Any CPU
		{E170535B-8D5B-4EC1-9389-64FC39135855}.Debug|Any CPU.ActiveCfg = Debug|Any CPU
		{E170535B-8D5B-4EC1-9389-64FC39135855}.Debug|Any CPU.Build.0 = Debug|Any CPU
		{E170535B-8D5B-4EC1-9389-64FC39135855}.Release|Any CPU.ActiveCfg = Release|Any CPU
		{E170535B-8D5B-4EC1-9389-64FC39135855}.Release|Any CPU.Build.0 = Release|Any CPU
		{ECE51766-8363-49D0-9677-3935439326AB}.Debug|Any CPU.ActiveCfg = Debug|Any CPU
		{ECE51766-8363-49D0-9677-3935439326AB}.Debug|Any CPU.Build.0 = Debug|Any CPU
		{ECE51766-8363-49D0-9677-3935439326AB}.Release|Any CPU.ActiveCfg = Release|Any CPU
		{ECE51766-8363-49D0-9677-3935439326AB}.Release|Any CPU.Build.0 = Release|Any CPU
	EndGlobalSection
	GlobalSection(SolutionProperties) = preSolution
		HideSolutionNode = FALSE
	EndGlobalSection
	GlobalSection(NestedProjects) = preSolution
		{99DF522B-5E38-4440-B419-F5FB01E3AF17} = {5DED91B5-BEC6-4BE0-86DC-73525F956CF8}
		{460666F5-A27F-4427-A954-E01FD2C81375} = {5DED91B5-BEC6-4BE0-86DC-73525F956CF8}
		{9FD18558-DB7E-4E45-8FB7-255CCCD3D2FE} = {268339D0-FD8D-456B-85A9-4C040FE4F43C}
		{6226169F-0FB5-4643-9211-E62B6A0879B2} = {268339D0-FD8D-456B-85A9-4C040FE4F43C}
		{880F9FE3-B890-47B6-A4C3-8141E482B195} = {C588477D-FAAC-4A7D-8E41-DD74E5517168}
		{1AB0661D-1735-4222-B03C-99E2C2A429BA} = {A6A1EC8B-491B-4404-A223-32BF7A8F10C2}
		{E170535B-8D5B-4EC1-9389-64FC39135855} = {A6A1EC8B-491B-4404-A223-32BF7A8F10C2}
		{ECE51766-8363-49D0-9677-3935439326AB} = {A6A1EC8B-491B-4404-A223-32BF7A8F10C2}
	EndGlobalSection
	GlobalSection(ExtensibilityGlobals) = postSolution
		SolutionGuid = {AD6D6D5E-4062-441F-AB0E-E10B9ABFB57F}
	EndGlobalSection
EndGlobal
